
Microsoft Visual Studio Solution File, Format Version 12.00
# Visual Studio 14
VisualStudioVersion = 14.0.24720.0
MinimumVisualStudioVersion = 10.0.40219.1
Project("{FAE04EC0-301F-11D3-BF4B-00C04F79EFBC}") = "WebSolution.Web", "WebSolution.Web\WebSolution.Web.csproj", "{8F0A150E-A018-4C2D-8431-606AE2DFC8C4}"
EndProject
Project("{FAE04EC0-301F-11D3-BF4B-00C04F79EFBC}") = "WebSolution.Model", "WebSolution.Model\WebSolution.Model.csproj", "{C1320D67-1730-4C2A-B001-F0761A041F07}"
EndProject
Project("{FAE04EC0-301F-11D3-BF4B-00C04F79EFBC}") = "WebSolution.DataLayer", "WebSolution.DataLayer\WebSolution.DataLayer.csproj", "{AC412B18-7193-4981-90A5-2AECE5D674D3}"
EndProject
Global
	GlobalSection(SolutionConfigurationPlatforms) = preSolution
		Debug|Any CPU = Debug|Any CPU
		Release|Any CPU = Release|Any CPU
	EndGlobalSection
	GlobalSection(ProjectConfigurationPlatforms) = postSolution
		{8F0A150E-A018-4C2D-8431-606AE2DFC8C4}.Debug|Any CPU.ActiveCfg = Debug|Any CPU
		{8F0A150E-A018-4C2D-8431-606AE2DFC8C4}.Debug|Any CPU.Build.0 = Debug|Any CPU
		{8F0A150E-A018-4C2D-8431-606AE2DFC8C4}.Release|Any CPU.ActiveCfg = Release|Any CPU
		{8F0A150E-A018-4C2D-8431-606AE2DFC8C4}.Release|Any CPU.Build.0 = Release|Any CPU
		{C1320D67-1730-4C2A-B001-F0761A041F07}.Debug|Any CPU.ActiveCfg = Debug|Any CPU
		{C1320D67-1730-4C2A-B001-F0761A041F07}.Debug|Any CPU.Build.0 = Debug|Any CPU
		{C1320D67-1730-4C2A-B001-F0761A041F07}.Release|Any CPU.ActiveCfg = Release|Any CPU
		{C1320D67-1730-4C2A-B001-F0761A041F07}.Release|Any CPU.Build.0 = Release|Any CPU
		{AC412B18-7193-4981-90A5-2AECE5D674D3}.Debug|Any CPU.ActiveCfg = Debug|Any CPU
		{AC412B18-7193-4981-90A5-2AECE5D674D3}.Debug|Any CPU.Build.0 = Debug|Any CPU
		{AC412B18-7193-4981-90A5-2AECE5D674D3}.Release|Any CPU.ActiveCfg = Release|Any CPU
		{AC412B18-7193-4981-90A5-2AECE5D674D3}.Release|Any CPU.Build.0 = Release|Any CPU
	EndGlobalSection
	GlobalSection(SolutionProperties) = preSolution
		HideSolutionNode = FALSE
	EndGlobalSection
EndGlobal
